
Microsoft Visual Studio Solution File, Format Version 12.00
# Visual Studio Version 16
VisualStudioVersion = 16.0.31129.286
MinimumVisualStudioVersion = 10.0.40219.1
Project("{9A19103F-16F7-4668-BE54-9A1E7A4F7556}") = "Zirve.Entity", "Entity\Zirve.Entity.csproj", "{9B9D9D02-275E-4183-BC1C-C22986695AA5}"
EndProject
Project("{9A19103F-16F7-4668-BE54-9A1E7A4F7556}") = "ZirveMovie.API", "ZirveMovie.API\ZirveMovie.API.csproj", "{0A639A8B-6607-4E3D-8DEB-0DF95CB63AA2}"
EndProject
Project("{9A19103F-16F7-4668-BE54-9A1E7A4F7556}") = "Zirve.Business", "Zirve.Business\Zirve.Business.csproj", "{B1833DC1-BA57-4757-996E-C799987F46DC}"
EndProject
Project("{9A19103F-16F7-4668-BE54-9A1E7A4F7556}") = "Zirve.DataAccess", "Zirve.DataAccess\Zirve.DataAccess.csproj", "{A386DF06-E9C0-4537-9F1A-FBDA0340BCEB}"
EndProject
Project("{FAE04EC0-301F-11D3-BF4B-00C04F79EFBC}") = "Zirve.Core", "Zirve.Core\Zirve.Core.csproj", "{D3A9BC2E-2D3D-4CD0-9EA6-24503ECB1132}"
EndProject
Global
	GlobalSection(SolutionConfigurationPlatforms) = preSolution
		Debug|Any CPU = Debug|Any CPU
		Release|Any CPU = Release|Any CPU
	EndGlobalSection
	GlobalSection(ProjectConfigurationPlatforms) = postSolution
		{9B9D9D02-275E-4183-BC1C-C22986695AA5}.Debug|Any CPU.ActiveCfg = Debug|Any CPU
		{9B9D9D02-275E-4183-BC1C-C22986695AA5}.Debug|Any CPU.Build.0 = Debug|Any CPU
		{9B9D9D02-275E-4183-BC1C-C22986695AA5}.Release|Any CPU.ActiveCfg = Release|Any CPU
		{9B9D9D02-275E-4183-BC1C-C22986695AA5}.Release|Any CPU.Build.0 = Release|Any CPU
		{0A639A8B-6607-4E3D-8DEB-0DF95CB63AA2}.Debug|Any CPU.ActiveCfg = Debug|Any CPU
		{0A639A8B-6607-4E3D-8DEB-0DF95CB63AA2}.Debug|Any CPU.Build.0 = Debug|Any CPU
		{0A639A8B-6607-4E3D-8DEB-0DF95CB63AA2}.Release|Any CPU.ActiveCfg = Release|Any CPU
		{0A639A8B-6607-4E3D-8DEB-0DF95CB63AA2}.Release|Any CPU.Build.0 = Release|Any CPU
		{B1833DC1-BA57-4757-996E-C799987F46DC}.Debug|Any CPU.ActiveCfg = Debug|Any CPU
		{B1833DC1-BA57-4757-996E-C799987F46DC}.Debug|Any CPU.Build.0 = Debug|Any CPU
		{B1833DC1-BA57-4757-996E-C799987F46DC}.Release|Any CPU.ActiveCfg = Release|Any CPU
		{B1833DC1-BA57-4757-996E-C799987F46DC}.Release|Any CPU.Build.0 = Release|Any CPU
		{A386DF06-E9C0-4537-9F1A-FBDA0340BCEB}.Debug|Any CPU.ActiveCfg = Debug|Any CPU
		{A386DF06-E9C0-4537-9F1A-FBDA0340BCEB}.Debug|Any CPU.Build.0 = Debug|Any CPU
		{A386DF06-E9C0-4537-9F1A-FBDA0340BCEB}.Release|Any CPU.ActiveCfg = Release|Any CPU
		{A386DF06-E9C0-4537-9F1A-FBDA0340BCEB}.Release|Any CPU.Build.0 = Release|Any CPU
		{D3A9BC2E-2D3D-4CD0-9EA6-24503ECB1132}.Debug|Any CPU.ActiveCfg = Debug|Any CPU
		{D3A9BC2E-2D3D-4CD0-9EA6-24503ECB1132}.Debug|Any CPU.Build.0 = Debug|Any CPU
		{D3A9BC2E-2D3D-4CD0-9EA6-24503ECB1132}.Release|Any CPU.ActiveCfg = Release|Any CPU
		{D3A9BC2E-2D3D-4CD0-9EA6-24503ECB1132}.Release|Any CPU.Build.0 = Release|Any CPU
	EndGlobalSection
	GlobalSection(SolutionProperties) = preSolution
		HideSolutionNode = FALSE
	EndGlobalSection
	GlobalSection(ExtensibilityGlobals) = postSolution
		SolutionGuid = {35C14AD7-BE5C-475F-9EA2-0374B6D46874}
	EndGlobalSection
EndGlobal
